# This file is autogenerated, do not edit; changes may be undone by the next 'dep ensure'.


[[projects]]
  branch = "empty_sha256"
  name = "github.com/go-sql-driver/mysql"
  packages = ["."]
  revision = "154010235b534e16555ed80cb645076e9ad21a41"

[[projects]]
  name = "google.golang.org/appengine"
  packages = ["cloudsql"]
  revision = "150dc57a1b433e64154302bdc40b6bb8aefa313a"
  version = "v1.0.0"

[solve-meta]
  analyzer-name = "dep"
  analyzer-version = 1
  inputs-digest = "b07299ab669402fd2ff5e03d75b24fd01539f506a240942f172e14681cf2ee94"
  solver-name = "gps-cdcl"
  solver-version = 1
